
Microsoft Visual Studio Solution File, Format Version 12.00
# Visual Studio Version 16
VisualStudioVersion = 16.0.30907.101
MinimumVisualStudioVersion = 10.0.40219.1
Project("{FAE04EC0-301F-11D3-BF4B-00C04F79EFBC}") = "Testfront", "Testfront\Testfront.csproj", "{3735C96F-3549-4E81-BC8B-C30F8D933871}"
EndProject
Global
	GlobalSection(SolutionConfigurationPlatforms) = preSolution
		Debug|Any CPU = Debug|Any CPU
		Release|Any CPU = Release|Any CPU
	EndGlobalSection
	GlobalSection(ProjectConfigurationPlatforms) = postSolution
		{3735C96F-3549-4E81-BC8B-C30F8D933871}.Debug|Any CPU.ActiveCfg = Debug|Any CPU
		{3735C96F-3549-4E81-BC8B-C30F8D933871}.Debug|Any CPU.Build.0 = Debug|Any CPU
		{3735C96F-3549-4E81-BC8B-C30F8D933871}.Release|Any CPU.ActiveCfg = Release|Any CPU
		{3735C96F-3549-4E81-BC8B-C30F8D933871}.Release|Any CPU.Build.0 = Release|Any CPU
	EndGlobalSection
	GlobalSection(SolutionProperties) = preSolution
		HideSolutionNode = FALSE
	EndGlobalSection
	GlobalSection(ExtensibilityGlobals) = postSolution
		SolutionGuid = {9A665AEE-147D-4502-993D-3109D498C30D}
	EndGlobalSection
EndGlobal
